
Microsoft Visual Studio Solution File, Format Version 12.00
# Visual Studio Version 17
VisualStudioVersion = 17.14.36401.2 d17.14
MinimumVisualStudioVersion = 10.0.40219.1
Project("{FAE04EC0-301F-11D3-BF4B-00C04F79EFBC}") = "ExercicioNota", "Course\ExercicioNota.csproj", "{6866CBB1-7EDF-4DE9-BCB1-363270A8948A}"
EndProject
Global
	GlobalSection(SolutionConfigurationPlatforms) = preSolution
		Debug|Any CPU = Debug|Any CPU
		Release|Any CPU = Release|Any CPU
	EndGlobalSection
	GlobalSection(ProjectConfigurationPlatforms) = postSolution
		{6866CBB1-7EDF-4DE9-BCB1-363270A8948A}.Debug|Any CPU.ActiveCfg = Debug|Any CPU
		{6866CBB1-7EDF-4DE9-BCB1-363270A8948A}.Debug|Any CPU.Build.0 = Debug|Any CPU
		{6866CBB1-7EDF-4DE9-BCB1-363270A8948A}.Release|Any CPU.ActiveCfg = Release|Any CPU
		{6866CBB1-7EDF-4DE9-BCB1-363270A8948A}.Release|Any CPU.Build.0 = Release|Any CPU
	EndGlobalSection
	GlobalSection(SolutionProperties) = preSolution
		HideSolutionNode = FALSE
	EndGlobalSection
	GlobalSection(ExtensibilityGlobals) = postSolution
		SolutionGuid = {8123E016-BC04-4D15-9E3C-43D6C138BC73}
	EndGlobalSection
EndGlobal
